// !$*UTF8*$!
{
	archiveVersion = 1;
	classes = {
	};
	objectVersion = 50;
	objects = {

/* Begin PBXBuildFile section */
		FF465A1F244DF032001E2CCB /* Coordinator.swift in Sources */ = {isa = PBXBuildFile; fileRef = FF465A1E244DF032001E2CCB /* Coordinator.swift */; };
		FF465A22244DF063001E2CCB /* LocationManager.swift in Sources */ = {isa = PBXBuildFile; fileRef = FF465A21244DF063001E2CCB /* LocationManager.swift */; };
		FF465A25244DF075001E2CCB /* Landmark.swift in Sources */ = {isa = PBXBuildFile; fileRef = FF465A24244DF075001E2CCB /* Landmark.swift */; };
		FF465A27244DF07A001E2CCB /* LandmarkAnnotation.swift in Sources */ = {isa = PBXBuildFile; fileRef = FF465A26244DF07A001E2CCB /* LandmarkAnnotation.swift */; };
		FF465A2A244DF09C001E2CCB /* MapView.swift in Sources */ = {isa = PBXBuildFile; fileRef = FF465A29244DF09C001E2CCB /* MapView.swift */; };
		FF465A2D244DF719001E2CCB /* PlaceListView.swift in Sources */ = {isa = PBXBuildFile; fileRef = FF465A2C244DF719001E2CCB /* PlaceListView.swift */; };
		FFF8572C24472E580091D525 /* AppDelegate.swift in Sources */ = {isa = PBXBuildFile; fileRef = FFF8572B24472E580091D525 /* AppDelegate.swift */; };
		FFF8572E24472E580091D525 /* SceneDelegate.swift in Sources */ = {isa = PBXBuildFile; fileRef = FFF8572D24472E580091D525 /* SceneDelegate.swift */; };
		FFF8573024472E580091D525 /* ContentView.swift in Sources */ = {isa = PBXBuildFile; fileRef = FFF8572F24472E580091D525 /* ContentView.swift */; };
		FFF8573224472E5A0091D525 /* Assets.xcassets in Resources */ = {isa = PBXBuildFile; fileRef = FFF8573124472E5A0091D525 /* Assets.xcassets */; };
		FFF8573524472E5A0091D525 /* Preview Assets.xcassets in Resources */ = {isa = PBXBuildFile; fileRef = FFF8573424472E5A0091D525 /* Preview Assets.xcassets */; };
		FFF8573824472E5A0091D525 /* LaunchScreen.storyboard in Resources */ = {isa = PBXBuildFile; fileRef = FFF8573624472E5A0091D525 /* LaunchScreen.storyboard */; };
/* End PBXBuildFile section */

/* Begin PBXFileReference section */
		FF465A1E244DF032001E2CCB /* Coordinator.swift */ = {isa = PBXFileReference; fileEncoding = 4; lastKnownFileType = sourcecode.swift; path = Coordinator.swift; sourceTree = "<group>"; };
		FF465A21244DF063001E2CCB /* LocationManager.swift */ = {isa = PBXFileReference; fileEncoding = 4; lastKnownFileType = sourcecode.swift; path = LocationManager.swift; sourceTree = "<group>"; };
		FF465A24244DF075001E2CCB /* Landmark.swift */ = {isa = PBXFileReference; fileEncoding = 4; lastKnownFileType = sourcecode.swift; path = Landmark.swift; sourceTree = "<group>"; };
		FF465A26244DF07A001E2CCB /* LandmarkAnnotation.swift */ = {isa = PBXFileReference; lastKnownFileType = sourcecode.swift; path = LandmarkAnnotation.swift; sourceTree = "<group>"; };
		FF465A29244DF09C001E2CCB /* MapView.swift */ = {isa = PBXFileReference; fileEncoding = 4; lastKnownFileType = sourcecode.swift; path = MapView.swift; sourceTree = "<group>"; };
		FF465A2C244DF719001E2CCB /* PlaceListView.swift */ = {isa = PBXFileReference; lastKnownFileType = sourcecode.swift; path = PlaceListView.swift; sourceTree = "<group>"; };
		FFF8572824472E580091D525 /* NearMeApp.app */ = {isa = PBXFileReference; explicitFileType = wrapper.application; includeInIndex = 0; path = NearMeApp.app; sourceTree = BUILT_PRODUCTS_DIR; };
		FFF8572B24472E580091D525 /* AppDelegate.swift */ = {isa = PBXFileReference; lastKnownFileType = sourcecode.swift; path = AppDelegate.swift; sourceTree = "<group>"; };
		FFF8572D24472E580091D525 /* SceneDelegate.swift */ = {isa = PBXFileReference; lastKnownFileType = sourcecode.swift; path = SceneDelegate.swift; sourceTree = "<group>"; };
		FFF8572F24472E580091D525 /* ContentView.swift */ = {isa = PBXFileReference; lastKnownFileType = sourcecode.swift; path = ContentView.swift; sourceTree = "<group>"; };
		FFF8573124472E5A0091D525 /* Assets.xcassets */ = {isa = PBXFileReference; lastKnownFileType = folder.assetcatalog; path = Assets.xcassets; sourceTree = "<group>"; };
		FFF8573424472E5A0091D525 /* Preview Assets.xcassets */ = {isa = PBXFileReference; lastKnownFileType = folder.assetcatalog; path = "Preview Assets.xcassets"; sourceTree = "<group>"; };
		FFF8573724472E5A0091D525 /* Base */ = {isa = PBXFileReference; lastKnownFileType = file.storyboard; name = Base; path = Base.lproj/LaunchScreen.storyboard; sourceTree = "<group>"; };
		FFF8573924472E5A0091D525 /* Info.plist */ = {isa = PBXFileReference; lastKnownFileType = text.plist.xml; path = Info.plist; sourceTree = "<group>"; };
/* End PBXFileReference section */

/* Begin PBXFrameworksBuildPhase section */
		FFF8572524472E580091D525 /* Frameworks */ = {
			isa = PBXFrameworksBuildPhase;
			buildActionMask = 2147483647;
			files = (
			);
			runOnlyForDeploymentPostprocessing = 0;
		};
/* End PBXFrameworksBuildPhase section */

/* Begin PBXGroup section */
		FF465A1D244DF02D001E2CCB /* Coordinatos */ = {
			isa = PBXGroup;
			children = (
				FF465A1E244DF032001E2CCB /* Coordinator.swift */,
			);
			path = Coordinatos;
			sourceTree = "<group>";
		};
		FF465A20244DF05C001E2CCB /* Managers */ = {
			isa = PBXGroup;
			children = (
				FF465A21244DF063001E2CCB /* LocationManager.swift */,
			);
			path = Managers;
			sourceTree = "<group>";
		};
		FF465A23244DF071001E2CCB /* Models */ = {
			isa = PBXGroup;
			children = (
				FF465A24244DF075001E2CCB /* Landmark.swift */,
				FF465A26244DF07A001E2CCB /* LandmarkAnnotation.swift */,
			);
			path = Models;
			sourceTree = "<group>";
		};
		FF465A28244DF096001E2CCB /* Views */ = {
			isa = PBXGroup;
			children = (
				FF465A29244DF09C001E2CCB /* MapView.swift */,
				FF465A2C244DF719001E2CCB /* PlaceListView.swift */,
			);
			path = Views;
			sourceTree = "<group>";
		};
		FFF8571F24472E580091D525 = {
			isa = PBXGroup;
			children = (
				FFF8572A24472E580091D525 /* NearMeApp */,
				FFF8572924472E580091D525 /* Products */,
			);
			sourceTree = "<group>";
		};
		FFF8572924472E580091D525 /* Products */ = {
			isa = PBXGroup;
			children = (
				FFF8572824472E580091D525 /* NearMeApp.app */,
			);
			name = Products;
			sourceTree = "<group>";
		};
		FFF8572A24472E580091D525 /* NearMeApp */ = {
			isa = PBXGroup;
			children = (
				FF465A28244DF096001E2CCB /* Views */,
				FF465A23244DF071001E2CCB /* Models */,
				FF465A20244DF05C001E2CCB /* Managers */,
				FF465A1D244DF02D001E2CCB /* Coordinatos */,
				FFF8572B24472E580091D525 /* AppDelegate.swift */,
				FFF8572D24472E580091D525 /* SceneDelegate.swift */,
				FFF8572F24472E580091D525 /* ContentView.swift */,
				FFF8573124472E5A0091D525 /* Assets.xcassets */,
				FFF8573624472E5A0091D525 /* LaunchScreen.storyboard */,
				FFF8573924472E5A0091D525 /* Info.plist */,
				FFF8573324472E5A0091D525 /* Preview Content */,
			);
			path = NearMeApp;
			sourceTree = "<group>";
		};
		FFF8573324472E5A0091D525 /* Preview Content */ = {
			isa = PBXGroup;
			children = (
				FFF8573424472E5A0091D525 /* Preview Assets.xcassets */,
			);
			path = "Preview Content";
			sourceTree = "<group>";
		};
/* End PBXGroup section */

/* Begin PBXNativeTarget section */
		FFF8572724472E580091D525 /* NearMeApp */ = {
			isa = PBXNativeTarget;
			buildConfigurationList = FFF8573C24472E5A0091D525 /* Build configuration list for PBXNativeTarget "NearMeApp" */;
			buildPhases = (
				FFF8572424472E580091D525 /* Sources */,
				FFF8572524472E580091D525 /* Frameworks */,
				FFF8572624472E580091D525 /* Resources */,
			);
			buildRules = (
			);
			dependencies = (
			);
			name = NearMeApp;
			productName = NearMeApp;
			productReference = FFF8572824472E580091D525 /* NearMeApp.app */;
			productType = "com.apple.product-type.application";
		};
/* End PBXNativeTarget section */

/* Begin PBXProject section */
		FFF8572024472E580091D525 /* Project object */ = {
			isa = PBXProject;
			attributes = {
				LastSwiftUpdateCheck = 1140;
				LastUpgradeCheck = 1140;
				ORGANIZATIONNAME = "Karen Mirakyan";
				TargetAttributes = {
					FFF8572724472E580091D525 = {
						CreatedOnToolsVersion = 11.4;
					};
				};
			};
			buildConfigurationList = FFF8572324472E580091D525 /* Build configuration list for PBXProject "NearMeApp" */;
			compatibilityVersion = "Xcode 9.3";
			developmentRegion = en;
			hasScannedForEncodings = 0;
			knownRegions = (
				en,
				Base,
			);
			mainGroup = FFF8571F24472E580091D525;
			productRefGroup = FFF8572924472E580091D525 /* Products */;
			projectDirPath = "";
			projectRoot = "";
			targets = (
				FFF8572724472E580091D525 /* NearMeApp */,
			);
		};
/* End PBXProject section */

/* Begin PBXResourcesBuildPhase section */
		FFF8572624472E580091D525 /* Resources */ = {
			isa = PBXResourcesBuildPhase;
			buildActionMask = 2147483647;
			files = (
				FFF8573824472E5A0091D525 /* LaunchScreen.storyboard in Resources */,
				FFF8573524472E5A0091D525 /* Preview Assets.xcassets in Resources */,
				FFF8573224472E5A0091D525 /* Assets.xcassets in Resources */,
			);
			runOnlyForDeploymentPostprocessing = 0;
		};
/* End PBXResourcesBuildPhase section */

/* Begin PBXSourcesBuildPhase section */
		FFF8572424472E580091D525 /* Sources */ = {
			isa = PBXSourcesBuildPhase;
			buildActionMask = 2147483647;
			files = (
				FF465A1F244DF032001E2CCB /* Coordinator.swift in Sources */,
				FF465A2A244DF09C001E2CCB /* MapView.swift in Sources */,
				FFF8572C24472E580091D525 /* AppDelegate.swift in Sources */,
				FF465A2D244DF719001E2CCB /* PlaceListView.swift in Sources */,
				FF465A27244DF07A001E2CCB /* LandmarkAnnotation.swift in Sources */,
				FF465A22244DF063001E2CCB /* LocationManager.swift in Sources */,
				FFF8572E24472E580091D525 /* SceneDelegate.swift in Sources */,
				FFF8573024472E580091D525 /* ContentView.swift in Sources */,
				FF465A25244DF075001E2CCB /* Landmark.swift in Sources */,
			);
			runOnlyForDeploymentPostprocessing = 0;
		};
/* End PBXSourcesBuildPhase section */

/* Begin PBXVariantGroup section */
		FFF8573624472E5A0091D525 /* LaunchScreen.storyboard */ = {
			isa = PBXVariantGroup;
			children = (
				FFF8573724472E5A0091D525 /* Base */,
			);
			name = LaunchScreen.storyboard;
			sourceTree = "<group>";
		};
/* End PBXVariantGroup section */

/* Begin XCBuildConfiguration section */
		FFF8573A24472E5A0091D525 /* Debug */ = {
			isa = XCBuildConfiguration;
			buildSettings = {
				ALWAYS_SEARCH_USER_PATHS = NO;
				CLANG_ANALYZER_NONNULL = YES;
				CLANG_ANALYZER_NUMBER_OBJECT_CONVERSION = YES_AGGRESSIVE;
				CLANG_CXX_LANGUAGE_STANDARD = "gnu++14";
				CLANG_CXX_LIBRARY = "libc++";
				CLANG_ENABLE_MODULES = YES;
				CLANG_ENABLE_OBJC_ARC = YES;
				CLANG_ENABLE_OBJC_WEAK = YES;
				CLANG_WARN_BLOCK_CAPTURE_AUTORELEASING = YES;
				CLANG_WARN_BOOL_CONVERSION = YES;
				CLANG_WARN_COMMA = YES;
				CLANG_WARN_CONSTANT_CONVERSION = YES;
				CLANG_WARN_DEPRECATED_OBJC_IMPLEMENTATIONS = YES;
				CLANG_WARN_DIRECT_OBJC_ISA_USAGE = YES_ERROR;
				CLANG_WARN_DOCUMENTATION_COMMENTS = YES;
				CLANG_WARN_EMPTY_BODY = YES;
				CLANG_WARN_ENUM_CONVERSION = YES;
				CLANG_WARN_INFINITE_RECURSION = YES;
				CLANG_WARN_INT_CONVERSION = YES;
				CLANG_WARN_NON_LITERAL_NULL_CONVERSION = YES;
				CLANG_WARN_OBJC_IMPLICIT_RETAIN_SELF = YES;
				CLANG_WARN_OBJC_LITERAL_CONVERSION = YES;
				CLANG_WARN_OBJC_ROOT_CLASS = YES_ERROR;
				CLANG_WARN_RANGE_LOOP_ANALYSIS = YES;
				CLANG_WARN_STRICT_PROTOTYPES = YES;
				CLANG_WARN_SUSPICIOUS_MOVE = YES;
				CLANG_WARN_UNGUARDED_AVAILABILITY = YES_AGGRESSIVE;
				CLANG_WARN_UNREACHABLE_CODE = YES;
				CLANG_WARN__DUPLICATE_METHOD_MATCH = YES;
				COPY_PHASE_STRIP = NO;
				DEBUG_INFORMATION_FORMAT = dwarf;
				ENABLE_STRICT_OBJC_MSGSEND = YES;
				ENABLE_TESTABILITY = YES;
				GCC_C_LANGUAGE_STANDARD = gnu11;
				GCC_DYNAMIC_NO_PIC = NO;
				GCC_NO_COMMON_BLOCKS = YES;
				GCC_OPTIMIZATION_LEVEL = 0;
				GCC_PREPROCESSOR_DEFINITIONS = (
					"DEBUG=1",
					"$(inherited)",
				);
				GCC_WARN_64_TO_32_BIT_CONVERSION = YES;
				GCC_WARN_ABOUT_RETURN_TYPE = YES_ERROR;
				GCC_WARN_UNDECLARED_SELECTOR = YES;
				GCC_WARN_UNINITIALIZED_AUTOS = YES_AGGRESSIVE;
				GCC_WARN_UNUSED_FUNCTION = YES;
				GCC_WARN_UNUSED_VARIABLE = YES;
				IPHONEOS_DEPLOYMENT_TARGET = 13.4;
				MTL_ENABLE_DEBUG_INFO = INCLUDE_SOURCE;
				MTL_FAST_MATH = YES;
				ONLY_ACTIVE_ARCH = YES;
				SDKROOT = iphoneos;
				SWIFT_ACTIVE_COMPILATION_CONDITIONS = DEBUG;
				SWIFT_OPTIMIZATION_LEVEL = "-Onone";
			};
			name = Debug;
		};
		FFF8573B24472E5A0091D525 /* Release */ = {
			isa = XCBuildConfiguration;
			buildSettings = {
				ALWAYS_SEARCH_USER_PATHS = NO;
				CLANG_ANALYZER_NONNULL = YES;
				CLANG_ANALYZER_NUMBER_OBJECT_CONVERSION = YES_AGGRESSIVE;
				CLANG_CXX_LANGUAGE_STANDARD = "gnu++14";
				CLANG_CXX_LIBRARY = "libc++";
				CLANG_ENABLE_MODULES = YES;
				CLANG_ENABLE_OBJC_ARC = YES;
				CLANG_ENABLE_OBJC_WEAK = YES;
				CLANG_WARN_BLOCK_CAPTURE_AUTORELEASING = YES;
				CLANG_WARN_BOOL_CONVERSION = YES;
				CLANG_WARN_COMMA = YES;
				CLANG_WARN_CONSTANT_CONVERSION = YES;
				CLANG_WARN_DEPRECATED_OBJC_IMPLEMENTATIONS = YES;
				CLANG_WARN_DIRECT_OBJC_ISA_USAGE = YES_ERROR;
				CLANG_WARN_DOCUMENTATION_COMMENTS = YES;
				CLANG_WARN_EMPTY_BODY = YES;
				CLANG_WARN_ENUM_CONVERSION = YES;
				CLANG_WARN_INFINITE_RECURSION = YES;
				CLANG_WARN_INT_CONVERSION = YES;
				CLANG_WARN_NON_LITERAL_NULL_CONVERSION = YES;
				CLANG_WARN_OBJC_IMPLICIT_RETAIN_SELF = YES;
				CLANG_WARN_OBJC_LITERAL_CONVERSION = YES;
				CLANG_WARN_OBJC_ROOT_CLASS = YES_ERROR;
				CLANG_WARN_RANGE_LOOP_ANALYSIS = YES;
				CLANG_WARN_STRICT_PROTOTYPES = YES;
				CLANG_WARN_SUSPICIOUS_MOVE = YES;
				CLANG_WARN_UNGUARDED_AVAILABILITY = YES_AGGRESSIVE;
				CLANG_WARN_UNREACHABLE_CODE = YES;
				CLANG_WARN__DUPLICATE_METHOD_MATCH = YES;
				COPY_PHASE_STRIP = NO;
				DEBUG_INFORMATION_FORMAT = "dwarf-with-dsym";
				ENABLE_NS_ASSERTIONS = NO;
				ENABLE_STRICT_OBJC_MSGSEND = YES;
				GCC_C_LANGUAGE_STANDARD = gnu11;
				GCC_NO_COMMON_BLOCKS = YES;
				GCC_WARN_64_TO_32_BIT_CONVERSION = YES;
				GCC_WARN_ABOUT_RETURN_TYPE = YES_ERROR;
				GCC_WARN_UNDECLARED_SELECTOR = YES;
				GCC_WARN_UNINITIALIZED_AUTOS = YES_AGGRESSIVE;
				GCC_WARN_UNUSED_FUNCTION = YES;
				GCC_WARN_UNUSED_VARIABLE = YES;
				IPHONEOS_DEPLOYMENT_TARGET = 13.4;
				MTL_ENABLE_DEBUG_INFO = NO;
				MTL_FAST_MATH = YES;
				SDKROOT = iphoneos;
				SWIFT_COMPILATION_MODE = wholemodule;
				SWIFT_OPTIMIZATION_LEVEL = "-O";
				VALIDATE_PRODUCT = YES;
			};
			name = Release;
		};
		FFF8573D24472E5A0091D525 /* Debug */ = {
			isa = XCBuildConfiguration;
			buildSettings = {
				ASSETCATALOG_COMPILER_APPICON_NAME = "AppIcon-1";
				CODE_SIGN_STYLE = Automatic;
				DEVELOPMENT_ASSET_PATHS = "\"NearMeApp/Preview Content\"";
				DEVELOPMENT_TEAM = Z9LZT27D3M;
				ENABLE_PREVIEWS = YES;
				INFOPLIST_FILE = NearMeApp/Info.plist;
				LD_RUNPATH_SEARCH_PATHS = (
					"$(inherited)",
					"@executable_path/Frameworks",
				);
				PRODUCT_BUNDLE_IDENTIFIER = com.developer.store.NearMeApp;
				PRODUCT_NAME = "$(TARGET_NAME)";
				SWIFT_VERSION = 5.0;
				TARGETED_DEVICE_FAMILY = "1,2";
			};
			name = Debug;
		};
		FFF8573E24472E5A0091D525 /* Release */ = {
			isa = XCBuildConfiguration;
			buildSettings = {
				ASSETCATALOG_COMPILER_APPICON_NAME = "AppIcon-1";
				CODE_SIGN_STYLE = Automatic;
				DEVELOPMENT_ASSET_PATHS = "\"NearMeApp/Preview Content\"";
				DEVELOPMENT_TEAM = Z9LZT27D3M;
				ENABLE_PREVIEWS = YES;
				INFOPLIST_FILE = NearMeApp/Info.plist;
				LD_RUNPATH_SEARCH_PATHS = (
					"$(inherited)",
					"@executable_path/Frameworks",
				);
				PRODUCT_BUNDLE_IDENTIFIER = com.developer.store.NearMeApp;
				PRODUCT_NAME = "$(TARGET_NAME)";
				SWIFT_VERSION = 5.0;
				TARGETED_DEVICE_FAMILY = "1,2";
			};
			name = Release;
		};
/* End XCBuildConfiguration section */

/* Begin XCConfigurationList section */
		FFF8572324472E580091D525 /* Build configuration list for PBXProject "NearMeApp" */ = {
			isa = XCConfigurationList;
			buildConfigurations = (
				FFF8573A24472E5A0091D525 /* Debug */,
				FFF8573B24472E5A0091D525 /* Release */,
			);
			defaultConfigurationIsVisible = 0;
			defaultConfigurationName = Release;
		};
		FFF8573C24472E5A0091D525 /* Build configuration list for PBXNativeTarget "NearMeApp" */ = {
			isa = XCConfigurationList;
			buildConfigurations = (
				FFF8573D24472E5A0091D525 /* Debug */,
				FFF8573E24472E5A0091D525 /* Release */,
			);
			defaultConfigurationIsVisible = 0;
			defaultConfigurationName = Release;
		};
/* End XCConfigurationList section */
	};
	rootObject = FFF8572024472E580091D525 /* Project object */;
}
